
Microsoft Visual Studio Solution File, Format Version 12.00
# Visual Studio Version 16
VisualStudioVersion = 16.0.29609.76
MinimumVisualStudioVersion = 10.0.40219.1
Project("{F2A71F9B-5D33-465A-A702-920D77279786}") = "DrinkAdvent", "DrinkAdvent\DrinkAdvent.fsproj", "{6C7D012C-A5D1-49CE-A9AE-8B6292036BB4}"
EndProject
Global
	GlobalSection(SolutionConfigurationPlatforms) = preSolution
		Debug|Any CPU = Debug|Any CPU
		Release|Any CPU = Release|Any CPU
	EndGlobalSection
	GlobalSection(ProjectConfigurationPlatforms) = postSolution
		{6C7D012C-A5D1-49CE-A9AE-8B6292036BB4}.Debug|Any CPU.ActiveCfg = Debug|Any CPU
		{6C7D012C-A5D1-49CE-A9AE-8B6292036BB4}.Debug|Any CPU.Build.0 = Debug|Any CPU
		{6C7D012C-A5D1-49CE-A9AE-8B6292036BB4}.Debug|Any CPU.Deploy.0 = Debug|Any CPU
		{6C7D012C-A5D1-49CE-A9AE-8B6292036BB4}.Release|Any CPU.ActiveCfg = Release|Any CPU
		{6C7D012C-A5D1-49CE-A9AE-8B6292036BB4}.Release|Any CPU.Build.0 = Release|Any CPU
		{6C7D012C-A5D1-49CE-A9AE-8B6292036BB4}.Release|Any CPU.Deploy.0 = Release|Any CPU
	EndGlobalSection
	GlobalSection(SolutionProperties) = preSolution
		HideSolutionNode = FALSE
	EndGlobalSection
	GlobalSection(ExtensibilityGlobals) = postSolution
		SolutionGuid = {CFEFE43C-A80A-44B0-96E5-14A5333B19F0}
	EndGlobalSection
EndGlobal
